
Microsoft Visual Studio Solution File, Format Version 12.00
# Visual Studio 15
Project("{FAE04EC0-301F-11D3-BF4B-00C04F79EFBC}") = "Assembly-CSharp", "Assembly-CSharp.csproj", "{506FB737-33FB-BD85-D562-7458B34CDFC0}"
EndProject
Project("{FAE04EC0-301F-11D3-BF4B-00C04F79EFBC}") = "Assembly-CSharp-Editor", "Assembly-CSharp-Editor.csproj", "{B84EB777-9645-D402-4455-E4387A552E43}"
EndProject
Global
	GlobalSection(SolutionConfigurationPlatforms) = preSolution
		Debug|Any CPU = Debug|Any CPU
		Release|Any CPU = Release|Any CPU
	EndGlobalSection
	GlobalSection(ProjectConfigurationPlatforms) = postSolution
		{506FB737-33FB-BD85-D562-7458B34CDFC0}.Debug|Any CPU.ActiveCfg = Debug|Any CPU
		{506FB737-33FB-BD85-D562-7458B34CDFC0}.Debug|Any CPU.Build.0 = Debug|Any CPU
		{506FB737-33FB-BD85-D562-7458B34CDFC0}.Release|Any CPU.ActiveCfg = Release|Any CPU
		{506FB737-33FB-BD85-D562-7458B34CDFC0}.Release|Any CPU.Build.0 = Release|Any CPU
		{B84EB777-9645-D402-4455-E4387A552E43}.Debug|Any CPU.ActiveCfg = Debug|Any CPU
		{B84EB777-9645-D402-4455-E4387A552E43}.Debug|Any CPU.Build.0 = Debug|Any CPU
		{B84EB777-9645-D402-4455-E4387A552E43}.Release|Any CPU.ActiveCfg = Release|Any CPU
		{B84EB777-9645-D402-4455-E4387A552E43}.Release|Any CPU.Build.0 = Release|Any CPU
	EndGlobalSection
	GlobalSection(SolutionProperties) = preSolution
		HideSolutionNode = FALSE
	EndGlobalSection
EndGlobal
